// !$*UTF8*$!
{
	archiveVersion = 1;
	classes = {
	};
	objectVersion = 77;
	objects = {

/* Begin PBXContainerItemProxy section */
		A04E194B2EF7D2D4007CABF0 /* PBXContainerItemProxy */ = {
			isa = PBXContainerItemProxy;
			containerPortal = A04E19312EF7D2D2007CABF0 /* Project object */;
			proxyType = 1;
			remoteGlobalIDString = A04E19382EF7D2D2007CABF0;
			remoteInfo = Postie;
		};
		A04E19552EF7D2D4007CABF0 /* PBXContainerItemProxy */ = {
			isa = PBXContainerItemProxy;
			containerPortal = A04E19312EF7D2D2007CABF0 /* Project object */;
			proxyType = 1;
			remoteGlobalIDString = A04E19382EF7D2D2007CABF0;
			remoteInfo = Postie;
		};
/* End PBXContainerItemProxy section */

/* Begin PBXFileReference section */
		A04E19392EF7D2D2007CABF0 /* Postie.app */ = {isa = PBXFileReference; explicitFileType = wrapper.application; includeInIndex = 0; path = Postie.app; sourceTree = BUILT_PRODUCTS_DIR; };
		A04E194A2EF7D2D4007CABF0 /* PostieTests.xctest */ = {isa = PBXFileReference; explicitFileType = wrapper.cfbundle; includeInIndex = 0; path = PostieTests.xctest; sourceTree = BUILT_PRODUCTS_DIR; };
		A04E19542EF7D2D4007CABF0 /* PostieUITests.xctest */ = {isa = PBXFileReference; explicitFileType = wrapper.cfbundle; includeInIndex = 0; path = PostieUITests.xctest; sourceTree = BUILT_PRODUCTS_DIR; };
/* End PBXFileReference section */

/* Begin PBXFileSystemSynchronizedBuildFileExceptionSet section */
		A0EAF7FD2EF9049500C91935 /* Exceptions for "Postie" folder in "Postie" target */ = {
			isa = PBXFileSystemSynchronizedBuildFileExceptionSet;
			membershipExceptions = (
				Info.plist,
			);
			target = A04E19382EF7D2D2007CABF0 /* Postie */;
		};
/* End PBXFileSystemSynchronizedBuildFileExceptionSet section */

/* Begin PBXFileSystemSynchronizedRootGroup section */
		A04E193B2EF7D2D2007CABF0 /* Postie */ = {
			isa = PBXFileSystemSynchronizedRootGroup;
			exceptions = (
				A0EAF7FD2EF9049500C91935 /* Exceptions for "Postie" folder in "Postie" target */,
			);
			path = Postie;
			sourceTree = "<group>";
		};
		A04E194D2EF7D2D4007CABF0 /* PostieTests */ = {
			isa = PBXFileSystemSynchronizedRootGroup;
			path = PostieTests;
			sourceTree = "<group>";
		};
		A04E19572EF7D2D4007CABF0 /* PostieUITests */ = {
			isa = PBXFileSystemSynchronizedRootGroup;
			path = PostieUITests;
			sourceTree = "<group>";
		};
/* End PBXFileSystemSynchronizedRootGroup section */

/* Begin PBXFrameworksBuildPhase section */
		A04E19362EF7D2D2007CABF0 /* Frameworks */ = {
			isa = PBXFrameworksBuildPhase;
			buildActionMask = 2147483647;
			files = (
			);
			runOnlyForDeploymentPostprocessing = 0;
		};
		A04E19472EF7D2D4007CABF0 /* Frameworks */ = {
			isa = PBXFrameworksBuildPhase;
			buildActionMask = 2147483647;
			files = (
			);
			runOnlyForDeploymentPostprocessing = 0;
		};
		A04E19512EF7D2D4007CABF0 /* Frameworks */ = {
			isa = PBXFrameworksBuildPhase;
			buildActionMask = 2147483647;
			files = (
			);
			runOnlyForDeploymentPostprocessing = 0;
		};
/* End PBXFrameworksBuildPhase section */

/* Begin PBXGroup section */
		A04E19302EF7D2D2007CABF0 = {
			isa = PBXGroup;
			children = (
				A04E193B2EF7D2D2007CABF0 /* Postie */,
				A04E194D2EF7D2D4007CABF0 /* PostieTests */,
				A04E19572EF7D2D4007CABF0 /* PostieUITests */,
				A04E193A2EF7D2D2007CABF0 /* Products */,
			);
			sourceTree = "<group>";
		};
		A04E193A2EF7D2D2007CABF0 /* Products */ = {
			isa = PBXGroup;
			children = (
				A04E19392EF7D2D2007CABF0 /* Postie.app */,
				A04E194A2EF7D2D4007CABF0 /* PostieTests.xctest */,
				A04E19542EF7D2D4007CABF0 /* PostieUITests.xctest */,
			);
			name = Products;
			sourceTree = "<group>";
		};
/* End PBXGroup section */

/* Begin PBXNativeTarget section */
		A04E19382EF7D2D2007CABF0 /* Postie */ = {
			isa = PBXNativeTarget;
			buildConfigurationList = A04E195E2EF7D2D4007CABF0 /* Build configuration list for PBXNativeTarget "Postie" */;
			buildPhases = (
				A04E19352EF7D2D2007CABF0 /* Sources */,
				A04E19362EF7D2D2007CABF0 /* Frameworks */,
				A04E19372EF7D2D2007CABF0 /* Resources */,
			);
			buildRules = (
			);
			dependencies = (
			);
			fileSystemSynchronizedGroups = (
				A04E193B2EF7D2D2007CABF0 /* Postie */,
			);
			name = Postie;
			packageProductDependencies = (
			);
			productName = Postie;
			productReference = A04E19392EF7D2D2007CABF0 /* Postie.app */;
			productType = "com.apple.product-type.application";
		};
		A04E19492EF7D2D4007CABF0 /* PostieTests */ = {
			isa = PBXNativeTarget;
			buildConfigurationList = A04E19612EF7D2D4007CABF0 /* Build configuration list for PBXNativeTarget "PostieTests" */;
			buildPhases = (
				A04E19462EF7D2D4007CABF0 /* Sources */,
				A04E19472EF7D2D4007CABF0 /* Frameworks */,
				A04E19482EF7D2D4007CABF0 /* Resources */,
			);
			buildRules = (
			);
			dependencies = (
				A04E194C2EF7D2D4007CABF0 /* PBXTargetDependency */,
			);
			fileSystemSynchronizedGroups = (
				A04E194D2EF7D2D4007CABF0 /* PostieTests */,
			);
			name = PostieTests;
			packageProductDependencies = (
			);
			productName = PostieTests;
			productReference = A04E194A2EF7D2D4007CABF0 /* PostieTests.xctest */;
			productType = "com.apple.product-type.bundle.unit-test";
		};
		A04E19532EF7D2D4007CABF0 /* PostieUITests */ = {
			isa = PBXNativeTarget;
			buildConfigurationList = A04E19642EF7D2D4007CABF0 /* Build configuration list for PBXNativeTarget "PostieUITests" */;
			buildPhases = (
				A04E19502EF7D2D4007CABF0 /* Sources */,
				A04E19512EF7D2D4007CABF0 /* Frameworks */,
				A04E19522EF7D2D4007CABF0 /* Resources */,
			);
			buildRules = (
			);
			dependencies = (
				A04E19562EF7D2D4007CABF0 /* PBXTargetDependency */,
			);
			fileSystemSynchronizedGroups = (
				A04E19572EF7D2D4007CABF0 /* PostieUITests */,
			);
			name = PostieUITests;
			packageProductDependencies = (
			);
			productName = PostieUITests;
			productReference = A04E19542EF7D2D4007CABF0 /* PostieUITests.xctest */;
			productType = "com.apple.product-type.bundle.ui-testing";
		};
/* End PBXNativeTarget section */

/* Begin PBXProject section */
		A04E19312EF7D2D2007CABF0 /* Project object */ = {
			isa = PBXProject;
			attributes = {
				BuildIndependentTargetsInParallel = 1;
				LastSwiftUpdateCheck = 1620;
				LastUpgradeCheck = 1620;
				TargetAttributes = {
					A04E19382EF7D2D2007CABF0 = {
						CreatedOnToolsVersion = 16.2;
					};
					A04E19492EF7D2D4007CABF0 = {
						CreatedOnToolsVersion = 16.2;
						LastSwiftMigration = 1620;
						TestTargetID = A04E19382EF7D2D2007CABF0;
					};
					A04E19532EF7D2D4007CABF0 = {
						CreatedOnToolsVersion = 16.2;
						TestTargetID = A04E19382EF7D2D2007CABF0;
					};
				};
			};
			buildConfigurationList = A04E19342EF7D2D2007CABF0 /* Build configuration list for PBXProject "Postie" */;
			developmentRegion = en;
			hasScannedForEncodings = 0;
			knownRegions = (
				en,
				Base,
			);
			mainGroup = A04E19302EF7D2D2007CABF0;
			minimizedProjectReferenceProxies = 1;
			preferredProjectObjectVersion = 77;
			productRefGroup = A04E193A2EF7D2D2007CABF0 /* Products */;
			projectDirPath = "";
			projectRoot = "";
			targets = (
				A04E19382EF7D2D2007CABF0 /* Postie */,
				A04E19492EF7D2D4007CABF0 /* PostieTests */,
				A04E19532EF7D2D4007CABF0 /* PostieUITests */,
			);
		};
/* End PBXProject section */

/* Begin PBXResourcesBuildPhase section */
		A04E19372EF7D2D2007CABF0 /* Resources */ = {
			isa = PBXResourcesBuildPhase;
			buildActionMask = 2147483647;
			files = (
			);
			runOnlyForDeploymentPostprocessing = 0;
		};
		A04E19482EF7D2D4007CABF0 /* Resources */ = {
			isa = PBXResourcesBuildPhase;
			buildActionMask = 2147483647;
			files = (
			);
			runOnlyForDeploymentPostprocessing = 0;
		};
		A04E19522EF7D2D4007CABF0 /* Resources */ = {
			isa = PBXResourcesBuildPhase;
			buildActionMask = 2147483647;
			files = (
			);
			runOnlyForDeploymentPostprocessing = 0;
		};
/* End PBXResourcesBuildPhase section */

/* Begin PBXSourcesBuildPhase section */
		A04E19352EF7D2D2007CABF0 /* Sources */ = {
			isa = PBXSourcesBuildPhase;
			buildActionMask = 2147483647;
			files = (
			);
			runOnlyForDeploymentPostprocessing = 0;
		};
		A04E19462EF7D2D4007CABF0 /* Sources */ = {
			isa = PBXSourcesBuildPhase;
			buildActionMask = 2147483647;
			files = (
			);
			runOnlyForDeploymentPostprocessing = 0;
		};
		A04E19502EF7D2D4007CABF0 /* Sources */ = {
			isa = PBXSourcesBuildPhase;
			buildActionMask = 2147483647;
			files = (
			);
			runOnlyForDeploymentPostprocessing = 0;
		};
/* End PBXSourcesBuildPhase section */

/* Begin PBXTargetDependency section */
		A04E194C2EF7D2D4007CABF0 /* PBXTargetDependency */ = {
			isa = PBXTargetDependency;
			target = A04E19382EF7D2D2007CABF0 /* Postie */;
			targetProxy = A04E194B2EF7D2D4007CABF0 /* PBXContainerItemProxy */;
		};
		A04E19562EF7D2D4007CABF0 /* PBXTargetDependency */ = {
			isa = PBXTargetDependency;
			target = A04E19382EF7D2D2007CABF0 /* Postie */;
			targetProxy = A04E19552EF7D2D4007CABF0 /* PBXContainerItemProxy */;
		};
/* End PBXTargetDependency section */

/* Begin XCBuildConfiguration section */
		A04E195C2EF7D2D4007CABF0 /* Debug */ = {
			isa = XCBuildConfiguration;
			buildSettings = {
				ALWAYS_SEARCH_USER_PATHS = NO;
				ASSETCATALOG_COMPILER_GENERATE_SWIFT_ASSET_SYMBOL_EXTENSIONS = YES;
				CLANG_ANALYZER_NONNULL = YES;
				CLANG_ANALYZER_NUMBER_OBJECT_CONVERSION = YES_AGGRESSIVE;
				CLANG_CXX_LANGUAGE_STANDARD = "gnu++20";
				CLANG_ENABLE_MODULES = YES;
				CLANG_ENABLE_OBJC_ARC = YES;
				CLANG_ENABLE_OBJC_WEAK = YES;
				CLANG_WARN_BLOCK_CAPTURE_AUTORELEASING = YES;
				CLANG_WARN_BOOL_CONVERSION = YES;
				CLANG_WARN_COMMA = YES;
				CLANG_WARN_CONSTANT_CONVERSION = YES;
				CLANG_WARN_DEPRECATED_OBJC_IMPLEMENTATIONS = YES;
				CLANG_WARN_DIRECT_OBJC_ISA_USAGE = YES_ERROR;
				CLANG_WARN_DOCUMENTATION_COMMENTS = YES;
				CLANG_WARN_EMPTY_BODY = YES;
				CLANG_WARN_ENUM_CONVERSION = YES;
				CLANG_WARN_INFINITE_RECURSION = YES;
				CLANG_WARN_INT_CONVERSION = YES;
				CLANG_WARN_NON_LITERAL_NULL_CONVERSION = YES;
				CLANG_WARN_OBJC_IMPLICIT_RETAIN_SELF = YES;
				CLANG_WARN_OBJC_LITERAL_CONVERSION = YES;
				CLANG_WARN_OBJC_ROOT_CLASS = YES_ERROR;
				CLANG_WARN_QUOTED_INCLUDE_IN_FRAMEWORK_HEADER = YES;
				CLANG_WARN_RANGE_LOOP_ANALYSIS = YES;
				CLANG_WARN_STRICT_PROTOTYPES = YES;
				CLANG_WARN_SUSPICIOUS_MOVE = YES;
				CLANG_WARN_UNGUARDED_AVAILABILITY = YES_AGGRESSIVE;
				CLANG_WARN_UNREACHABLE_CODE = YES;
				CLANG_WARN__DUPLICATE_METHOD_MATCH = YES;
				COPY_PHASE_STRIP = NO;
				DEBUG_INFORMATION_FORMAT = dwarf;
				ENABLE_STRICT_OBJC_MSGSEND = YES;
				ENABLE_TESTABILITY = YES;
				ENABLE_USER_SCRIPT_SANDBOXING = YES;
				GCC_C_LANGUAGE_STANDARD = gnu17;
				GCC_DYNAMIC_NO_PIC = NO;
				GCC_NO_COMMON_BLOCKS = YES;
				GCC_OPTIMIZATION_LEVEL = 0;
				GCC_PREPROCESSOR_DEFINITIONS = (
					"DEBUG=1",
					"$(inherited)",
				);
				GCC_WARN_64_TO_32_BIT_CONVERSION = YES;
				GCC_WARN_ABOUT_RETURN_TYPE = YES_ERROR;
				GCC_WARN_UNDECLARED_SELECTOR = YES;
				GCC_WARN_UNINITIALIZED_AUTOS = YES_AGGRESSIVE;
				GCC_WARN_UNUSED_FUNCTION = YES;
				GCC_WARN_UNUSED_VARIABLE = YES;
				LOCALIZATION_PREFERS_STRING_CATALOGS = YES;
				MACOSX_DEPLOYMENT_TARGET = 15.1;
				MTL_ENABLE_DEBUG_INFO = INCLUDE_SOURCE;
				MTL_FAST_MATH = YES;
				ONLY_ACTIVE_ARCH = YES;
				SDKROOT = macosx;
				SWIFT_ACTIVE_COMPILATION_CONDITIONS = "DEBUG $(inherited)";
				SWIFT_OPTIMIZATION_LEVEL = "-Onone";
			};
			name = Debug;
		};
		A04E195D2EF7D2D4007CABF0 /* Release */ = {
			isa = XCBuildConfiguration;
			buildSettings = {
				ALWAYS_SEARCH_USER_PATHS = NO;
				ASSETCATALOG_COMPILER_GENERATE_SWIFT_ASSET_SYMBOL_EXTENSIONS = YES;
				CLANG_ANALYZER_NONNULL = YES;
				CLANG_ANALYZER_NUMBER_OBJECT_CONVERSION = YES_AGGRESSIVE;
				CLANG_CXX_LANGUAGE_STANDARD = "gnu++20";
				CLANG_ENABLE_MODULES = YES;
				CLANG_ENABLE_OBJC_ARC = YES;
				CLANG_ENABLE_OBJC_WEAK = YES;
				CLANG_WARN_BLOCK_CAPTURE_AUTORELEASING = YES;
				CLANG_WARN_BOOL_CONVERSION = YES;
				CLANG_WARN_COMMA = YES;
				CLANG_WARN_CONSTANT_CONVERSION = YES;
				CLANG_WARN_DEPRECATED_OBJC_IMPLEMENTATIONS = YES;
				CLANG_WARN_DIRECT_OBJC_ISA_USAGE = YES_ERROR;
				CLANG_WARN_DOCUMENTATION_COMMENTS = YES;
				CLANG_WARN_EMPTY_BODY = YES;
				CLANG_WARN_ENUM_CONVERSION = YES;
				CLANG_WARN_INFINITE_RECURSION = YES;
				CLANG_WARN_INT_CONVERSION = YES;
				CLANG_WARN_NON_LITERAL_NULL_CONVERSION = YES;
				CLANG_WARN_OBJC_IMPLICIT_RETAIN_SELF = YES;
				CLANG_WARN_OBJC_LITERAL_CONVERSION = YES;
				CLANG_WARN_OBJC_ROOT_CLASS = YES_ERROR;
				CLANG_WARN_QUOTED_INCLUDE_IN_FRAMEWORK_HEADER = YES;
				CLANG_WARN_RANGE_LOOP_ANALYSIS = YES;
				CLANG_WARN_STRICT_PROTOTYPES = YES;
				CLANG_WARN_SUSPICIOUS_MOVE = YES;
				CLANG_WARN_UNGUARDED_AVAILABILITY = YES_AGGRESSIVE;
				CLANG_WARN_UNREACHABLE_CODE = YES;
				CLANG_WARN__DUPLICATE_METHOD_MATCH = YES;
				COPY_PHASE_STRIP = NO;
				DEBUG_INFORMATION_FORMAT = "dwarf-with-dsym";
				ENABLE_NS_ASSERTIONS = NO;
				ENABLE_STRICT_OBJC_MSGSEND = YES;
				ENABLE_USER_SCRIPT_SANDBOXING = YES;
				GCC_C_LANGUAGE_STANDARD = gnu17;
				GCC_NO_COMMON_BLOCKS = YES;
				GCC_WARN_64_TO_32_BIT_CONVERSION = YES;
				GCC_WARN_ABOUT_RETURN_TYPE = YES_ERROR;
				GCC_WARN_UNDECLARED_SELECTOR = YES;
				GCC_WARN_UNINITIALIZED_AUTOS = YES_AGGRESSIVE;
				GCC_WARN_UNUSED_FUNCTION = YES;
				GCC_WARN_UNUSED_VARIABLE = YES;
				LOCALIZATION_PREFERS_STRING_CATALOGS = YES;
				MACOSX_DEPLOYMENT_TARGET = 15.1;
				MTL_ENABLE_DEBUG_INFO = NO;
				MTL_FAST_MATH = YES;
				SDKROOT = macosx;
				SWIFT_COMPILATION_MODE = wholemodule;
			};
			name = Release;
		};
		A04E195F2EF7D2D4007CABF0 /* Debug */ = {
			isa = XCBuildConfiguration;
			buildSettings = {
				ASSETCATALOG_COMPILER_APPICON_NAME = AppIcon;
				ASSETCATALOG_COMPILER_GLOBAL_ACCENT_COLOR_NAME = AccentColor;
				CODE_SIGN_ENTITLEMENTS = Postie/Postie.entitlements;
				CODE_SIGN_STYLE = Automatic;
				COMBINE_HIDPI_IMAGES = YES;
				CURRENT_PROJECT_VERSION = 1;
				DEVELOPMENT_ASSET_PATHS = "\"Postie/Preview Content\"";
				DEVELOPMENT_TEAM = KCZ9U3V7VQ;
				ENABLE_HARDENED_RUNTIME = YES;
				ENABLE_PREVIEWS = YES;
				GENERATE_INFOPLIST_FILE = YES;
				INFOPLIST_FILE = Postie/Info.plist;
				INFOPLIST_KEY_NSHumanReadableCopyright = "";
				LD_RUNPATH_SEARCH_PATHS = (
					"$(inherited)",
					"@executable_path/../Frameworks",
				);
				MARKETING_VERSION = 1.0;
				PRODUCT_BUNDLE_IDENTIFIER = id.ios.rajaongkirios.Postie;
				PRODUCT_NAME = "$(TARGET_NAME)";
				SWIFT_EMIT_LOC_STRINGS = YES;
				SWIFT_VERSION = 5.0;
			};
			name = Debug;
		};
		A04E19602EF7D2D4007CABF0 /* Release */ = {
			isa = XCBuildConfiguration;
			buildSettings = {
				ASSETCATALOG_COMPILER_APPICON_NAME = AppIcon;
				ASSETCATALOG_COMPILER_GLOBAL_ACCENT_COLOR_NAME = AccentColor;
				CODE_SIGN_ENTITLEMENTS = Postie/Postie.entitlements;
				CODE_SIGN_STYLE = Automatic;
				COMBINE_HIDPI_IMAGES = YES;
				CURRENT_PROJECT_VERSION = 1;
				DEVELOPMENT_ASSET_PATHS = "\"Postie/Preview Content\"";
				DEVELOPMENT_TEAM = KCZ9U3V7VQ;
				ENABLE_HARDENED_RUNTIME = YES;
				ENABLE_PREVIEWS = YES;
				GENERATE_INFOPLIST_FILE = YES;
				INFOPLIST_FILE = Postie/Info.plist;
				INFOPLIST_KEY_NSHumanReadableCopyright = "";
				LD_RUNPATH_SEARCH_PATHS = (
					"$(inherited)",
					"@executable_path/../Frameworks",
				);
				MARKETING_VERSION = 1.0;
				PRODUCT_BUNDLE_IDENTIFIER = id.ios.rajaongkirios.Postie;
				PRODUCT_NAME = "$(TARGET_NAME)";
				SWIFT_EMIT_LOC_STRINGS = YES;
				SWIFT_VERSION = 5.0;
			};
			name = Release;
		};
		A04E19622EF7D2D4007CABF0 /* Debug */ = {
			isa = XCBuildConfiguration;
			buildSettings = {
				BUNDLE_LOADER = "$(TEST_HOST)";
				CLANG_ENABLE_MODULES = YES;
				CODE_SIGN_STYLE = Automatic;
				CURRENT_PROJECT_VERSION = 1;
				DEVELOPMENT_TEAM = KCZ9U3V7VQ;
				GENERATE_INFOPLIST_FILE = YES;
				MACOSX_DEPLOYMENT_TARGET = 15.1;
				MARKETING_VERSION = 1.0;
				PRODUCT_BUNDLE_IDENTIFIER = id.ios.rajaongkirios.PostieTests;
				PRODUCT_NAME = "$(TARGET_NAME)";
				SWIFT_EMIT_LOC_STRINGS = NO;
				SWIFT_OPTIMIZATION_LEVEL = "-Onone";
				SWIFT_VERSION = 5.0;
				TEST_HOST = "$(BUILT_PRODUCTS_DIR)/Postie.app/$(BUNDLE_EXECUTABLE_FOLDER_PATH)/Postie";
			};
			name = Debug;
		};
		A04E19632EF7D2D4007CABF0 /* Release */ = {
			isa = XCBuildConfiguration;
			buildSettings = {
				BUNDLE_LOADER = "$(TEST_HOST)";
				CLANG_ENABLE_MODULES = YES;
				CODE_SIGN_STYLE = Automatic;
				CURRENT_PROJECT_VERSION = 1;
				DEVELOPMENT_TEAM = KCZ9U3V7VQ;
				GENERATE_INFOPLIST_FILE = YES;
				MACOSX_DEPLOYMENT_TARGET = 15.1;
				MARKETING_VERSION = 1.0;
				PRODUCT_BUNDLE_IDENTIFIER = id.ios.rajaongkirios.PostieTests;
				PRODUCT_NAME = "$(TARGET_NAME)";
				SWIFT_EMIT_LOC_STRINGS = NO;
				SWIFT_VERSION = 5.0;
				TEST_HOST = "$(BUILT_PRODUCTS_DIR)/Postie.app/$(BUNDLE_EXECUTABLE_FOLDER_PATH)/Postie";
			};
			name = Release;
		};
		A04E19652EF7D2D4007CABF0 /* Debug */ = {
			isa = XCBuildConfiguration;
			buildSettings = {
				CODE_SIGN_STYLE = Automatic;
				CURRENT_PROJECT_VERSION = 1;
				DEVELOPMENT_TEAM = KCZ9U3V7VQ;
				GENERATE_INFOPLIST_FILE = YES;
				MARKETING_VERSION = 1.0;
				PRODUCT_BUNDLE_IDENTIFIER = id.ios.rajaongkirios.PostieUITests;
				PRODUCT_NAME = "$(TARGET_NAME)";
				SWIFT_EMIT_LOC_STRINGS = NO;
				SWIFT_VERSION = 5.0;
				TEST_TARGET_NAME = Postie;
			};
			name = Debug;
		};
		A04E19662EF7D2D4007CABF0 /* Release */ = {
			isa = XCBuildConfiguration;
			buildSettings = {
				CODE_SIGN_STYLE = Automatic;
				CURRENT_PROJECT_VERSION = 1;
				DEVELOPMENT_TEAM = KCZ9U3V7VQ;
				GENERATE_INFOPLIST_FILE = YES;
				MARKETING_VERSION = 1.0;
				PRODUCT_BUNDLE_IDENTIFIER = id.ios.rajaongkirios.PostieUITests;
				PRODUCT_NAME = "$(TARGET_NAME)";
				SWIFT_EMIT_LOC_STRINGS = NO;
				SWIFT_VERSION = 5.0;
				TEST_TARGET_NAME = Postie;
			};
			name = Release;
		};
/* End XCBuildConfiguration section */

/* Begin XCConfigurationList section */
		A04E19342EF7D2D2007CABF0 /* Build configuration list for PBXProject "Postie" */ = {
			isa = XCConfigurationList;
			buildConfigurations = (
				A04E195C2EF7D2D4007CABF0 /* Debug */,
				A04E195D2EF7D2D4007CABF0 /* Release */,
			);
			defaultConfigurationIsVisible = 0;
			defaultConfigurationName = Release;
		};
		A04E195E2EF7D2D4007CABF0 /* Build configuration list for PBXNativeTarget "Postie" */ = {
			isa = XCConfigurationList;
			buildConfigurations = (
				A04E195F2EF7D2D4007CABF0 /* Debug */,
				A04E19602EF7D2D4007CABF0 /* Release */,
			);
			defaultConfigurationIsVisible = 0;
			defaultConfigurationName = Release;
		};
		A04E19612EF7D2D4007CABF0 /* Build configuration list for PBXNativeTarget "PostieTests" */ = {
			isa = XCConfigurationList;
			buildConfigurations = (
				A04E19622EF7D2D4007CABF0 /* Debug */,
				A04E19632EF7D2D4007CABF0 /* Release */,
			);
			defaultConfigurationIsVisible = 0;
			defaultConfigurationName = Release;
		};
		A04E19642EF7D2D4007CABF0 /* Build configuration list for PBXNativeTarget "PostieUITests" */ = {
			isa = XCConfigurationList;
			buildConfigurations = (
				A04E19652EF7D2D4007CABF0 /* Debug */,
				A04E19662EF7D2D4007CABF0 /* Release */,
			);
			defaultConfigurationIsVisible = 0;
			defaultConfigurationName = Release;
		};
/* End XCConfigurationList section */
	};
	rootObject = A04E19312EF7D2D2007CABF0 /* Project object */;
}
